
Microsoft Visual Studio Solution File, Format Version 12.00
# Visual Studio Version 16
VisualStudioVersion = 16.0.30413.136
MinimumVisualStudioVersion = 10.0.40219.1
Project("{FAE04EC0-301F-11D3-BF4B-00C04F79EFBC}") = "socket_GUI", "socket_GUI.csproj", "{CE7D6B52-70FB-4C5B-8A45-3275B2A5E299}"
EndProject
Global
	GlobalSection(SolutionConfigurationPlatforms) = preSolution
		Debug|Any CPU = Debug|Any CPU
		Release|Any CPU = Release|Any CPU
	EndGlobalSection
	GlobalSection(ProjectConfigurationPlatforms) = postSolution
		{CE7D6B52-70FB-4C5B-8A45-3275B2A5E299}.Debug|Any CPU.ActiveCfg = Debug|Any CPU
		{CE7D6B52-70FB-4C5B-8A45-3275B2A5E299}.Debug|Any CPU.Build.0 = Debug|Any CPU
		{CE7D6B52-70FB-4C5B-8A45-3275B2A5E299}.Release|Any CPU.ActiveCfg = Release|Any CPU
		{CE7D6B52-70FB-4C5B-8A45-3275B2A5E299}.Release|Any CPU.Build.0 = Release|Any CPU
	EndGlobalSection
	GlobalSection(SolutionProperties) = preSolution
		HideSolutionNode = FALSE
	EndGlobalSection
	GlobalSection(ExtensibilityGlobals) = postSolution
		SolutionGuid = {B09C8B70-0337-4492-9A12-533D04D4AA47}
	EndGlobalSection
EndGlobal
